
Microsoft Visual Studio Solution File, Format Version 12.00
# Visual Studio Version 17
VisualStudioVersion = 17.0.31912.275
MinimumVisualStudioVersion = 10.0.40219.1
Project("{FAE04EC0-301F-11D3-BF4B-00C04F79EFBC}") = "Array", "Array\Array.csproj", "{995D71FC-DC77-42BD-B1C0-37D91458B3DC}"
EndProject
Global
	GlobalSection(SolutionConfigurationPlatforms) = preSolution
		Debug|Any CPU = Debug|Any CPU
		Release|Any CPU = Release|Any CPU
	EndGlobalSection
	GlobalSection(ProjectConfigurationPlatforms) = postSolution
		{995D71FC-DC77-42BD-B1C0-37D91458B3DC}.Debug|Any CPU.ActiveCfg = Debug|Any CPU
		{995D71FC-DC77-42BD-B1C0-37D91458B3DC}.Debug|Any CPU.Build.0 = Debug|Any CPU
		{995D71FC-DC77-42BD-B1C0-37D91458B3DC}.Release|Any CPU.ActiveCfg = Release|Any CPU
		{995D71FC-DC77-42BD-B1C0-37D91458B3DC}.Release|Any CPU.Build.0 = Release|Any CPU
	EndGlobalSection
	GlobalSection(SolutionProperties) = preSolution
		HideSolutionNode = FALSE
	EndGlobalSection
	GlobalSection(ExtensibilityGlobals) = postSolution
		SolutionGuid = {605051B4-77E0-4344-B578-2CB67481D669}
	EndGlobalSection
EndGlobal
