
Microsoft Visual Studio Solution File, Format Version 12.00
# Visual Studio Version 17
VisualStudioVersion = 17.2.32519.379
MinimumVisualStudioVersion = 10.0.40219.1
Project("{9A19103F-16F7-4668-BE54-9A1E7A4F7556}") = "Web", "WebApplication1\Web.csproj", "{9874FFA4-764F-48B4-9BF5-7ED4AE0A5714}"
EndProject
Project("{9A19103F-16F7-4668-BE54-9A1E7A4F7556}") = "Web.Storage", "Web.Storage\Web.Storage.csproj", "{B9CDBFB0-5675-4C4F-AB12-97D2EC3AFB8D}"
EndProject
Project("{FAE04EC0-301F-11D3-BF4B-00C04F79EFBC}") = "Web.Logic", "Web.Logic\Web.Logic.csproj", "{02B0FE9F-A942-4AED-AA96-2FB8B3B6C4A1}"
EndProject
Global
	GlobalSection(SolutionConfigurationPlatforms) = preSolution
		Debug|Any CPU = Debug|Any CPU
		Release|Any CPU = Release|Any CPU
	EndGlobalSection
	GlobalSection(ProjectConfigurationPlatforms) = postSolution
		{9874FFA4-764F-48B4-9BF5-7ED4AE0A5714}.Debug|Any CPU.ActiveCfg = Debug|Any CPU
		{9874FFA4-764F-48B4-9BF5-7ED4AE0A5714}.Debug|Any CPU.Build.0 = Debug|Any CPU
		{9874FFA4-764F-48B4-9BF5-7ED4AE0A5714}.Release|Any CPU.ActiveCfg = Release|Any CPU
		{9874FFA4-764F-48B4-9BF5-7ED4AE0A5714}.Release|Any CPU.Build.0 = Release|Any CPU
		{B9CDBFB0-5675-4C4F-AB12-97D2EC3AFB8D}.Debug|Any CPU.ActiveCfg = Debug|Any CPU
		{B9CDBFB0-5675-4C4F-AB12-97D2EC3AFB8D}.Debug|Any CPU.Build.0 = Debug|Any CPU
		{B9CDBFB0-5675-4C4F-AB12-97D2EC3AFB8D}.Release|Any CPU.ActiveCfg = Release|Any CPU
		{B9CDBFB0-5675-4C4F-AB12-97D2EC3AFB8D}.Release|Any CPU.Build.0 = Release|Any CPU
		{02B0FE9F-A942-4AED-AA96-2FB8B3B6C4A1}.Debug|Any CPU.ActiveCfg = Debug|Any CPU
		{02B0FE9F-A942-4AED-AA96-2FB8B3B6C4A1}.Debug|Any CPU.Build.0 = Debug|Any CPU
		{02B0FE9F-A942-4AED-AA96-2FB8B3B6C4A1}.Release|Any CPU.ActiveCfg = Release|Any CPU
		{02B0FE9F-A942-4AED-AA96-2FB8B3B6C4A1}.Release|Any CPU.Build.0 = Release|Any CPU
	EndGlobalSection
	GlobalSection(SolutionProperties) = preSolution
		HideSolutionNode = FALSE
	EndGlobalSection
	GlobalSection(ExtensibilityGlobals) = postSolution
		SolutionGuid = {E4E6B205-56AA-4D98-A613-58A07045543D}
	EndGlobalSection
EndGlobal
