
Microsoft Visual Studio Solution File, Format Version 12.00
# Visual Studio Version 17
VisualStudioVersion = 17.2.32526.322
MinimumVisualStudioVersion = 10.0.40219.1
Project("{FAE04EC0-301F-11D3-BF4B-00C04F79EFBC}") = "Website", "Website\Website.csproj", "{3BB9D46E-2966-40ED-BA07-1DDCC0498316}"
EndProject
Global
	GlobalSection(SolutionConfigurationPlatforms) = preSolution
		Debug|Any CPU = Debug|Any CPU
		Release|Any CPU = Release|Any CPU
	EndGlobalSection
	GlobalSection(ProjectConfigurationPlatforms) = postSolution
		{3BB9D46E-2966-40ED-BA07-1DDCC0498316}.Debug|Any CPU.ActiveCfg = Debug|Any CPU
		{3BB9D46E-2966-40ED-BA07-1DDCC0498316}.Debug|Any CPU.Build.0 = Debug|Any CPU
		{3BB9D46E-2966-40ED-BA07-1DDCC0498316}.Release|Any CPU.ActiveCfg = Release|Any CPU
		{3BB9D46E-2966-40ED-BA07-1DDCC0498316}.Release|Any CPU.Build.0 = Release|Any CPU
	EndGlobalSection
	GlobalSection(SolutionProperties) = preSolution
		HideSolutionNode = FALSE
	EndGlobalSection
	GlobalSection(ExtensibilityGlobals) = postSolution
		SolutionGuid = {B07A469A-1397-4FDC-B5B1-E5CC3FA530B2}
	EndGlobalSection
EndGlobal
